
Microsoft Visual Studio Solution File, Format Version 12.00
# Visual Studio Version 17
VisualStudioVersion = 17.4.33213.308
MinimumVisualStudioVersion = 10.0.40219.1
Project("{FAE04EC0-301F-11D3-BF4B-00C04F79EFBC}") = "RabbitMQ.Publisher", "RabbitMQ.Publisher\RabbitMQ.Publisher.csproj", "{295DB886-2DCC-4388-9F2C-42AA918E21BF}"
EndProject
Project("{FAE04EC0-301F-11D3-BF4B-00C04F79EFBC}") = "RabbitMQ.Consumer", "RabbitMQ.Customer\RabbitMQ.Consumer.csproj", "{7E955BDD-C1F4-4FCB-A60D-92424BAA835F}"
EndProject
Global
	GlobalSection(SolutionConfigurationPlatforms) = preSolution
		Debug|Any CPU = Debug|Any CPU
		Release|Any CPU = Release|Any CPU
	EndGlobalSection
	GlobalSection(ProjectConfigurationPlatforms) = postSolution
		{295DB886-2DCC-4388-9F2C-42AA918E21BF}.Debug|Any CPU.ActiveCfg = Debug|Any CPU
		{295DB886-2DCC-4388-9F2C-42AA918E21BF}.Debug|Any CPU.Build.0 = Debug|Any CPU
		{295DB886-2DCC-4388-9F2C-42AA918E21BF}.Release|Any CPU.ActiveCfg = Release|Any CPU
		{295DB886-2DCC-4388-9F2C-42AA918E21BF}.Release|Any CPU.Build.0 = Release|Any CPU
		{7E955BDD-C1F4-4FCB-A60D-92424BAA835F}.Debug|Any CPU.ActiveCfg = Debug|Any CPU
		{7E955BDD-C1F4-4FCB-A60D-92424BAA835F}.Debug|Any CPU.Build.0 = Debug|Any CPU
		{7E955BDD-C1F4-4FCB-A60D-92424BAA835F}.Release|Any CPU.ActiveCfg = Release|Any CPU
		{7E955BDD-C1F4-4FCB-A60D-92424BAA835F}.Release|Any CPU.Build.0 = Release|Any CPU
	EndGlobalSection
	GlobalSection(SolutionProperties) = preSolution
		HideSolutionNode = FALSE
	EndGlobalSection
	GlobalSection(ExtensibilityGlobals) = postSolution
		SolutionGuid = {A736D62C-3293-4755-89E0-3EA641ECB6BE}
	EndGlobalSection
EndGlobal
